// !$*UTF8*$!
{
	archiveVersion = 1;
	classes = {
	};
	objectVersion = 56;
	objects = {

/* Begin PBXBuildFile section */
		68FB31FC2C873F3A00DDD6F8 /* AppDelegate.swift in Sources */ = {isa = PBXBuildFile; fileRef = 68FB31FB2C873F3A00DDD6F8 /* AppDelegate.swift */; };
		68FB31FE2C873F3A00DDD6F8 /* SceneDelegate.swift in Sources */ = {isa = PBXBuildFile; fileRef = 68FB31FD2C873F3A00DDD6F8 /* SceneDelegate.swift */; };
		68FB32002C873F3A00DDD6F8 /* ViewController.swift in Sources */ = {isa = PBXBuildFile; fileRef = 68FB31FF2C873F3A00DDD6F8 /* ViewController.swift */; };
		68FB32032C873F3A00DDD6F8 /* Base in Resources */ = {isa = PBXBuildFile; fileRef = 68FB32022C873F3A00DDD6F8 /* Base */; };
		68FB32052C873F3C00DDD6F8 /* Assets.xcassets in Resources */ = {isa = PBXBuildFile; fileRef = 68FB32042C873F3C00DDD6F8 /* Assets.xcassets */; };
		68FB32082C873F3C00DDD6F8 /* Base in Resources */ = {isa = PBXBuildFile; fileRef = 68FB32072C873F3C00DDD6F8 /* Base */; };
		68FB32132C873F3C00DDD6F8 /* IAmRichTests.swift in Sources */ = {isa = PBXBuildFile; fileRef = 68FB32122C873F3C00DDD6F8 /* IAmRichTests.swift */; };
		68FB321D2C873F3C00DDD6F8 /* IAmRichUITests.swift in Sources */ = {isa = PBXBuildFile; fileRef = 68FB321C2C873F3C00DDD6F8 /* IAmRichUITests.swift */; };
		68FB321F2C873F3C00DDD6F8 /* IAmRichUITestsLaunchTests.swift in Sources */ = {isa = PBXBuildFile; fileRef = 68FB321E2C873F3C00DDD6F8 /* IAmRichUITestsLaunchTests.swift */; };
/* End PBXBuildFile section */

/* Begin PBXContainerItemProxy section */
		68FB320F2C873F3C00DDD6F8 /* PBXContainerItemProxy */ = {
			isa = PBXContainerItemProxy;
			containerPortal = 68FB31F02C873F3A00DDD6F8 /* Project object */;
			proxyType = 1;
			remoteGlobalIDString = 68FB31F72C873F3A00DDD6F8;
			remoteInfo = IAmRich;
		};
		68FB32192C873F3C00DDD6F8 /* PBXContainerItemProxy */ = {
			isa = PBXContainerItemProxy;
			containerPortal = 68FB31F02C873F3A00DDD6F8 /* Project object */;
			proxyType = 1;
			remoteGlobalIDString = 68FB31F72C873F3A00DDD6F8;
			remoteInfo = IAmRich;
		};
/* End PBXContainerItemProxy section */

/* Begin PBXFileReference section */
		68FB31F82C873F3A00DDD6F8 /* IAmRich.app */ = {isa = PBXFileReference; explicitFileType = wrapper.application; includeInIndex = 0; path = IAmRich.app; sourceTree = BUILT_PRODUCTS_DIR; };
		68FB31FB2C873F3A00DDD6F8 /* AppDelegate.swift */ = {isa = PBXFileReference; lastKnownFileType = sourcecode.swift; path = AppDelegate.swift; sourceTree = "<group>"; };
		68FB31FD2C873F3A00DDD6F8 /* SceneDelegate.swift */ = {isa = PBXFileReference; lastKnownFileType = sourcecode.swift; path = SceneDelegate.swift; sourceTree = "<group>"; };
		68FB31FF2C873F3A00DDD6F8 /* ViewController.swift */ = {isa = PBXFileReference; lastKnownFileType = sourcecode.swift; path = ViewController.swift; sourceTree = "<group>"; };
		68FB32022C873F3A00DDD6F8 /* Base */ = {isa = PBXFileReference; lastKnownFileType = file.storyboard; name = Base; path = Base.lproj/Main.storyboard; sourceTree = "<group>"; };
		68FB32042C873F3C00DDD6F8 /* Assets.xcassets */ = {isa = PBXFileReference; lastKnownFileType = folder.assetcatalog; path = Assets.xcassets; sourceTree = "<group>"; };
		68FB32072C873F3C00DDD6F8 /* Base */ = {isa = PBXFileReference; lastKnownFileType = file.storyboard; name = Base; path = Base.lproj/LaunchScreen.storyboard; sourceTree = "<group>"; };
		68FB32092C873F3C00DDD6F8 /* Info.plist */ = {isa = PBXFileReference; lastKnownFileType = text.plist.xml; path = Info.plist; sourceTree = "<group>"; };
		68FB320E2C873F3C00DDD6F8 /* IAmRichTests.xctest */ = {isa = PBXFileReference; explicitFileType = wrapper.cfbundle; includeInIndex = 0; path = IAmRichTests.xctest; sourceTree = BUILT_PRODUCTS_DIR; };
		68FB32122C873F3C00DDD6F8 /* IAmRichTests.swift */ = {isa = PBXFileReference; lastKnownFileType = sourcecode.swift; path = IAmRichTests.swift; sourceTree = "<group>"; };
		68FB32182C873F3C00DDD6F8 /* IAmRichUITests.xctest */ = {isa = PBXFileReference; explicitFileType = wrapper.cfbundle; includeInIndex = 0; path = IAmRichUITests.xctest; sourceTree = BUILT_PRODUCTS_DIR; };
		68FB321C2C873F3C00DDD6F8 /* IAmRichUITests.swift */ = {isa = PBXFileReference; lastKnownFileType = sourcecode.swift; path = IAmRichUITests.swift; sourceTree = "<group>"; };
		68FB321E2C873F3C00DDD6F8 /* IAmRichUITestsLaunchTests.swift */ = {isa = PBXFileReference; lastKnownFileType = sourcecode.swift; path = IAmRichUITestsLaunchTests.swift; sourceTree = "<group>"; };
/* End PBXFileReference section */

/* Begin PBXFrameworksBuildPhase section */
		68FB31F52C873F3A00DDD6F8 /* Frameworks */ = {
			isa = PBXFrameworksBuildPhase;
			buildActionMask = 2147483647;
			files = (
			);
			runOnlyForDeploymentPostprocessing = 0;
		};
		68FB320B2C873F3C00DDD6F8 /* Frameworks */ = {
			isa = PBXFrameworksBuildPhase;
			buildActionMask = 2147483647;
			files = (
			);
			runOnlyForDeploymentPostprocessing = 0;
		};
		68FB32152C873F3C00DDD6F8 /* Frameworks */ = {
			isa = PBXFrameworksBuildPhase;
			buildActionMask = 2147483647;
			files = (
			);
			runOnlyForDeploymentPostprocessing = 0;
		};
/* End PBXFrameworksBuildPhase section */

/* Begin PBXGroup section */
		68FB31EF2C873F3A00DDD6F8 = {
			isa = PBXGroup;
			children = (
				68FB31FA2C873F3A00DDD6F8 /* IAmRich */,
				68FB32112C873F3C00DDD6F8 /* IAmRichTests */,
				68FB321B2C873F3C00DDD6F8 /* IAmRichUITests */,
				68FB31F92C873F3A00DDD6F8 /* Products */,
			);
			sourceTree = "<group>";
		};
		68FB31F92C873F3A00DDD6F8 /* Products */ = {
			isa = PBXGroup;
			children = (
				68FB31F82C873F3A00DDD6F8 /* IAmRich.app */,
				68FB320E2C873F3C00DDD6F8 /* IAmRichTests.xctest */,
				68FB32182C873F3C00DDD6F8 /* IAmRichUITests.xctest */,
			);
			name = Products;
			sourceTree = "<group>";
		};
		68FB31FA2C873F3A00DDD6F8 /* IAmRich */ = {
			isa = PBXGroup;
			children = (
				68FB31FB2C873F3A00DDD6F8 /* AppDelegate.swift */,
				68FB31FD2C873F3A00DDD6F8 /* SceneDelegate.swift */,
				68FB31FF2C873F3A00DDD6F8 /* ViewController.swift */,
				68FB32012C873F3A00DDD6F8 /* Main.storyboard */,
				68FB32042C873F3C00DDD6F8 /* Assets.xcassets */,
				68FB32062C873F3C00DDD6F8 /* LaunchScreen.storyboard */,
				68FB32092C873F3C00DDD6F8 /* Info.plist */,
			);
			path = IAmRich;
			sourceTree = "<group>";
		};
		68FB32112C873F3C00DDD6F8 /* IAmRichTests */ = {
			isa = PBXGroup;
			children = (
				68FB32122C873F3C00DDD6F8 /* IAmRichTests.swift */,
			);
			path = IAmRichTests;
			sourceTree = "<group>";
		};
		68FB321B2C873F3C00DDD6F8 /* IAmRichUITests */ = {
			isa = PBXGroup;
			children = (
				68FB321C2C873F3C00DDD6F8 /* IAmRichUITests.swift */,
				68FB321E2C873F3C00DDD6F8 /* IAmRichUITestsLaunchTests.swift */,
			);
			path = IAmRichUITests;
			sourceTree = "<group>";
		};
/* End PBXGroup section */

/* Begin PBXNativeTarget section */
		68FB31F72C873F3A00DDD6F8 /* IAmRich */ = {
			isa = PBXNativeTarget;
			buildConfigurationList = 68FB32222C873F3C00DDD6F8 /* Build configuration list for PBXNativeTarget "IAmRich" */;
			buildPhases = (
				68FB31F42C873F3A00DDD6F8 /* Sources */,
				68FB31F52C873F3A00DDD6F8 /* Frameworks */,
				68FB31F62C873F3A00DDD6F8 /* Resources */,
			);
			buildRules = (
			);
			dependencies = (
			);
			name = IAmRich;
			productName = IAmRich;
			productReference = 68FB31F82C873F3A00DDD6F8 /* IAmRich.app */;
			productType = "com.apple.product-type.application";
		};
		68FB320D2C873F3C00DDD6F8 /* IAmRichTests */ = {
			isa = PBXNativeTarget;
			buildConfigurationList = 68FB32252C873F3C00DDD6F8 /* Build configuration list for PBXNativeTarget "IAmRichTests" */;
			buildPhases = (
				68FB320A2C873F3C00DDD6F8 /* Sources */,
				68FB320B2C873F3C00DDD6F8 /* Frameworks */,
				68FB320C2C873F3C00DDD6F8 /* Resources */,
			);
			buildRules = (
			);
			dependencies = (
				68FB32102C873F3C00DDD6F8 /* PBXTargetDependency */,
			);
			name = IAmRichTests;
			productName = IAmRichTests;
			productReference = 68FB320E2C873F3C00DDD6F8 /* IAmRichTests.xctest */;
			productType = "com.apple.product-type.bundle.unit-test";
		};
		68FB32172C873F3C00DDD6F8 /* IAmRichUITests */ = {
			isa = PBXNativeTarget;
			buildConfigurationList = 68FB32282C873F3C00DDD6F8 /* Build configuration list for PBXNativeTarget "IAmRichUITests" */;
			buildPhases = (
				68FB32142C873F3C00DDD6F8 /* Sources */,
				68FB32152C873F3C00DDD6F8 /* Frameworks */,
				68FB32162C873F3C00DDD6F8 /* Resources */,
			);
			buildRules = (
			);
			dependencies = (
				68FB321A2C873F3C00DDD6F8 /* PBXTargetDependency */,
			);
			name = IAmRichUITests;
			productName = IAmRichUITests;
			productReference = 68FB32182C873F3C00DDD6F8 /* IAmRichUITests.xctest */;
			productType = "com.apple.product-type.bundle.ui-testing";
		};
/* End PBXNativeTarget section */

/* Begin PBXProject section */
		68FB31F02C873F3A00DDD6F8 /* Project object */ = {
			isa = PBXProject;
			attributes = {
				BuildIndependentTargetsInParallel = 1;
				LastSwiftUpdateCheck = 1540;
				LastUpgradeCheck = 1540;
				TargetAttributes = {
					68FB31F72C873F3A00DDD6F8 = {
						CreatedOnToolsVersion = 15.4;
					};
					68FB320D2C873F3C00DDD6F8 = {
						CreatedOnToolsVersion = 15.4;
						TestTargetID = 68FB31F72C873F3A00DDD6F8;
					};
					68FB32172C873F3C00DDD6F8 = {
						CreatedOnToolsVersion = 15.4;
						TestTargetID = 68FB31F72C873F3A00DDD6F8;
					};
				};
			};
			buildConfigurationList = 68FB31F32C873F3A00DDD6F8 /* Build configuration list for PBXProject "IAmRich" */;
			compatibilityVersion = "Xcode 14.0";
			developmentRegion = en;
			hasScannedForEncodings = 0;
			knownRegions = (
				en,
				Base,
			);
			mainGroup = 68FB31EF2C873F3A00DDD6F8;
			productRefGroup = 68FB31F92C873F3A00DDD6F8 /* Products */;
			projectDirPath = "";
			projectRoot = "";
			targets = (
				68FB31F72C873F3A00DDD6F8 /* IAmRich */,
				68FB320D2C873F3C00DDD6F8 /* IAmRichTests */,
				68FB32172C873F3C00DDD6F8 /* IAmRichUITests */,
			);
		};
/* End PBXProject section */

/* Begin PBXResourcesBuildPhase section */
		68FB31F62C873F3A00DDD6F8 /* Resources */ = {
			isa = PBXResourcesBuildPhase;
			buildActionMask = 2147483647;
			files = (
				68FB32052C873F3C00DDD6F8 /* Assets.xcassets in Resources */,
				68FB32082C873F3C00DDD6F8 /* Base in Resources */,
				68FB32032C873F3A00DDD6F8 /* Base in Resources */,
			);
			runOnlyForDeploymentPostprocessing = 0;
		};
		68FB320C2C873F3C00DDD6F8 /* Resources */ = {
			isa = PBXResourcesBuildPhase;
			buildActionMask = 2147483647;
			files = (
			);
			runOnlyForDeploymentPostprocessing = 0;
		};
		68FB32162C873F3C00DDD6F8 /* Resources */ = {
			isa = PBXResourcesBuildPhase;
			buildActionMask = 2147483647;
			files = (
			);
			runOnlyForDeploymentPostprocessing = 0;
		};
/* End PBXResourcesBuildPhase section */

/* Begin PBXSourcesBuildPhase section */
		68FB31F42C873F3A00DDD6F8 /* Sources */ = {
			isa = PBXSourcesBuildPhase;
			buildActionMask = 2147483647;
			files = (
				68FB32002C873F3A00DDD6F8 /* ViewController.swift in Sources */,
				68FB31FC2C873F3A00DDD6F8 /* AppDelegate.swift in Sources */,
				68FB31FE2C873F3A00DDD6F8 /* SceneDelegate.swift in Sources */,
			);
			runOnlyForDeploymentPostprocessing = 0;
		};
		68FB320A2C873F3C00DDD6F8 /* Sources */ = {
			isa = PBXSourcesBuildPhase;
			buildActionMask = 2147483647;
			files = (
				68FB32132C873F3C00DDD6F8 /* IAmRichTests.swift in Sources */,
			);
			runOnlyForDeploymentPostprocessing = 0;
		};
		68FB32142C873F3C00DDD6F8 /* Sources */ = {
			isa = PBXSourcesBuildPhase;
			buildActionMask = 2147483647;
			files = (
				68FB321F2C873F3C00DDD6F8 /* IAmRichUITestsLaunchTests.swift in Sources */,
				68FB321D2C873F3C00DDD6F8 /* IAmRichUITests.swift in Sources */,
			);
			runOnlyForDeploymentPostprocessing = 0;
		};
/* End PBXSourcesBuildPhase section */

/* Begin PBXTargetDependency section */
		68FB32102C873F3C00DDD6F8 /* PBXTargetDependency */ = {
			isa = PBXTargetDependency;
			target = 68FB31F72C873F3A00DDD6F8 /* IAmRich */;
			targetProxy = 68FB320F2C873F3C00DDD6F8 /* PBXContainerItemProxy */;
		};
		68FB321A2C873F3C00DDD6F8 /* PBXTargetDependency */ = {
			isa = PBXTargetDependency;
			target = 68FB31F72C873F3A00DDD6F8 /* IAmRich */;
			targetProxy = 68FB32192C873F3C00DDD6F8 /* PBXContainerItemProxy */;
		};
/* End PBXTargetDependency section */

/* Begin PBXVariantGroup section */
		68FB32012C873F3A00DDD6F8 /* Main.storyboard */ = {
			isa = PBXVariantGroup;
			children = (
				68FB32022C873F3A00DDD6F8 /* Base */,
			);
			name = Main.storyboard;
			sourceTree = "<group>";
		};
		68FB32062C873F3C00DDD6F8 /* LaunchScreen.storyboard */ = {
			isa = PBXVariantGroup;
			children = (
				68FB32072C873F3C00DDD6F8 /* Base */,
			);
			name = LaunchScreen.storyboard;
			sourceTree = "<group>";
		};
/* End PBXVariantGroup section */

/* Begin XCBuildConfiguration section */
		68FB32202C873F3C00DDD6F8 /* Debug */ = {
			isa = XCBuildConfiguration;
			buildSettings = {
				ALWAYS_SEARCH_USER_PATHS = NO;
				ASSETCATALOG_COMPILER_GENERATE_SWIFT_ASSET_SYMBOL_EXTENSIONS = YES;
				CLANG_ANALYZER_NONNULL = YES;
				CLANG_ANALYZER_NUMBER_OBJECT_CONVERSION = YES_AGGRESSIVE;
				CLANG_CXX_LANGUAGE_STANDARD = "gnu++20";
				CLANG_ENABLE_MODULES = YES;
				CLANG_ENABLE_OBJC_ARC = YES;
				CLANG_ENABLE_OBJC_WEAK = YES;
				CLANG_WARN_BLOCK_CAPTURE_AUTORELEASING = YES;
				CLANG_WARN_BOOL_CONVERSION = YES;
				CLANG_WARN_COMMA = YES;
				CLANG_WARN_CONSTANT_CONVERSION = YES;
				CLANG_WARN_DEPRECATED_OBJC_IMPLEMENTATIONS = YES;
				CLANG_WARN_DIRECT_OBJC_ISA_USAGE = YES_ERROR;
				CLANG_WARN_DOCUMENTATION_COMMENTS = YES;
				CLANG_WARN_EMPTY_BODY = YES;
				CLANG_WARN_ENUM_CONVERSION = YES;
				CLANG_WARN_INFINITE_RECURSION = YES;
				CLANG_WARN_INT_CONVERSION = YES;
				CLANG_WARN_NON_LITERAL_NULL_CONVERSION = YES;
				CLANG_WARN_OBJC_IMPLICIT_RETAIN_SELF = YES;
				CLANG_WARN_OBJC_LITERAL_CONVERSION = YES;
				CLANG_WARN_OBJC_ROOT_CLASS = YES_ERROR;
				CLANG_WARN_QUOTED_INCLUDE_IN_FRAMEWORK_HEADER = YES;
				CLANG_WARN_RANGE_LOOP_ANALYSIS = YES;
				CLANG_WARN_STRICT_PROTOTYPES = YES;
				CLANG_WARN_SUSPICIOUS_MOVE = YES;
				CLANG_WARN_UNGUARDED_AVAILABILITY = YES_AGGRESSIVE;
				CLANG_WARN_UNREACHABLE_CODE = YES;
				CLANG_WARN__DUPLICATE_METHOD_MATCH = YES;
				COPY_PHASE_STRIP = NO;
				DEBUG_INFORMATION_FORMAT = dwarf;
				ENABLE_STRICT_OBJC_MSGSEND = YES;
				ENABLE_TESTABILITY = YES;
				ENABLE_USER_SCRIPT_SANDBOXING = YES;
				GCC_C_LANGUAGE_STANDARD = gnu17;
				GCC_DYNAMIC_NO_PIC = NO;
				GCC_NO_COMMON_BLOCKS = YES;
				GCC_OPTIMIZATION_LEVEL = 0;
				GCC_PREPROCESSOR_DEFINITIONS = (
					"DEBUG=1",
					"$(inherited)",
				);
				GCC_WARN_64_TO_32_BIT_CONVERSION = YES;
				GCC_WARN_ABOUT_RETURN_TYPE = YES_ERROR;
				GCC_WARN_UNDECLARED_SELECTOR = YES;
				GCC_WARN_UNINITIALIZED_AUTOS = YES_AGGRESSIVE;
				GCC_WARN_UNUSED_FUNCTION = YES;
				GCC_WARN_UNUSED_VARIABLE = YES;
				IPHONEOS_DEPLOYMENT_TARGET = 17.5;
				LOCALIZATION_PREFERS_STRING_CATALOGS = YES;
				MTL_ENABLE_DEBUG_INFO = INCLUDE_SOURCE;
				MTL_FAST_MATH = YES;
				ONLY_ACTIVE_ARCH = YES;
				SDKROOT = iphoneos;
				SWIFT_ACTIVE_COMPILATION_CONDITIONS = "DEBUG $(inherited)";
				SWIFT_OPTIMIZATION_LEVEL = "-Onone";
			};
			name = Debug;
		};
		68FB32212C873F3C00DDD6F8 /* Release */ = {
			isa = XCBuildConfiguration;
			buildSettings = {
				ALWAYS_SEARCH_USER_PATHS = NO;
				ASSETCATALOG_COMPILER_GENERATE_SWIFT_ASSET_SYMBOL_EXTENSIONS = YES;
				CLANG_ANALYZER_NONNULL = YES;
				CLANG_ANALYZER_NUMBER_OBJECT_CONVERSION = YES_AGGRESSIVE;
				CLANG_CXX_LANGUAGE_STANDARD = "gnu++20";
				CLANG_ENABLE_MODULES = YES;
				CLANG_ENABLE_OBJC_ARC = YES;
				CLANG_ENABLE_OBJC_WEAK = YES;
				CLANG_WARN_BLOCK_CAPTURE_AUTORELEASING = YES;
				CLANG_WARN_BOOL_CONVERSION = YES;
				CLANG_WARN_COMMA = YES;
				CLANG_WARN_CONSTANT_CONVERSION = YES;
				CLANG_WARN_DEPRECATED_OBJC_IMPLEMENTATIONS = YES;
				CLANG_WARN_DIRECT_OBJC_ISA_USAGE = YES_ERROR;
				CLANG_WARN_DOCUMENTATION_COMMENTS = YES;
				CLANG_WARN_EMPTY_BODY = YES;
				CLANG_WARN_ENUM_CONVERSION = YES;
				CLANG_WARN_INFINITE_RECURSION = YES;
				CLANG_WARN_INT_CONVERSION = YES;
				CLANG_WARN_NON_LITERAL_NULL_CONVERSION = YES;
				CLANG_WARN_OBJC_IMPLICIT_RETAIN_SELF = YES;
				CLANG_WARN_OBJC_LITERAL_CONVERSION = YES;
				CLANG_WARN_OBJC_ROOT_CLASS = YES_ERROR;
				CLANG_WARN_QUOTED_INCLUDE_IN_FRAMEWORK_HEADER = YES;
				CLANG_WARN_RANGE_LOOP_ANALYSIS = YES;
				CLANG_WARN_STRICT_PROTOTYPES = YES;
				CLANG_WARN_SUSPICIOUS_MOVE = YES;
				CLANG_WARN_UNGUARDED_AVAILABILITY = YES_AGGRESSIVE;
				CLANG_WARN_UNREACHABLE_CODE = YES;
				CLANG_WARN__DUPLICATE_METHOD_MATCH = YES;
				COPY_PHASE_STRIP = NO;
				DEBUG_INFORMATION_FORMAT = "dwarf-with-dsym";
				ENABLE_NS_ASSERTIONS = NO;
				ENABLE_STRICT_OBJC_MSGSEND = YES;
				ENABLE_USER_SCRIPT_SANDBOXING = YES;
				GCC_C_LANGUAGE_STANDARD = gnu17;
				GCC_NO_COMMON_BLOCKS = YES;
				GCC_WARN_64_TO_32_BIT_CONVERSION = YES;
				GCC_WARN_ABOUT_RETURN_TYPE = YES_ERROR;
				GCC_WARN_UNDECLARED_SELECTOR = YES;
				GCC_WARN_UNINITIALIZED_AUTOS = YES_AGGRESSIVE;
				GCC_WARN_UNUSED_FUNCTION = YES;
				GCC_WARN_UNUSED_VARIABLE = YES;
				IPHONEOS_DEPLOYMENT_TARGET = 17.5;
				LOCALIZATION_PREFERS_STRING_CATALOGS = YES;
				MTL_ENABLE_DEBUG_INFO = NO;
				MTL_FAST_MATH = YES;
				SDKROOT = iphoneos;
				SWIFT_COMPILATION_MODE = wholemodule;
				VALIDATE_PRODUCT = YES;
			};
			name = Release;
		};
		68FB32232C873F3C00DDD6F8 /* Debug */ = {
			isa = XCBuildConfiguration;
			buildSettings = {
				ASSETCATALOG_COMPILER_APPICON_NAME = AppIcon;
				ASSETCATALOG_COMPILER_GLOBAL_ACCENT_COLOR_NAME = AccentColor;
				CODE_SIGN_STYLE = Automatic;
				CURRENT_PROJECT_VERSION = 1;
				GENERATE_INFOPLIST_FILE = YES;
				INFOPLIST_FILE = IAmRich/Info.plist;
				INFOPLIST_KEY_UIApplicationSupportsIndirectInputEvents = YES;
				INFOPLIST_KEY_UILaunchStoryboardName = LaunchScreen;
				INFOPLIST_KEY_UIMainStoryboardFile = Main;
				INFOPLIST_KEY_UISupportedInterfaceOrientations_iPad = "UIInterfaceOrientationPortrait UIInterfaceOrientationPortraitUpsideDown UIInterfaceOrientationLandscapeLeft UIInterfaceOrientationLandscapeRight";
				INFOPLIST_KEY_UISupportedInterfaceOrientations_iPhone = "UIInterfaceOrientationPortrait UIInterfaceOrientationLandscapeLeft UIInterfaceOrientationLandscapeRight";
				LD_RUNPATH_SEARCH_PATHS = (
					"$(inherited)",
					"@executable_path/Frameworks",
				);
				MARKETING_VERSION = 1.0;
				PRODUCT_BUNDLE_IDENTIFIER = com.juliencotte.IAmRich;
				PRODUCT_NAME = "$(TARGET_NAME)";
				SWIFT_EMIT_LOC_STRINGS = YES;
				SWIFT_VERSION = 5.0;
				TARGETED_DEVICE_FAMILY = "1,2";
			};
			name = Debug;
		};
		68FB32242C873F3C00DDD6F8 /* Release */ = {
			isa = XCBuildConfiguration;
			buildSettings = {
				ASSETCATALOG_COMPILER_APPICON_NAME = AppIcon;
				ASSETCATALOG_COMPILER_GLOBAL_ACCENT_COLOR_NAME = AccentColor;
				CODE_SIGN_STYLE = Automatic;
				CURRENT_PROJECT_VERSION = 1;
				GENERATE_INFOPLIST_FILE = YES;
				INFOPLIST_FILE = IAmRich/Info.plist;
				INFOPLIST_KEY_UIApplicationSupportsIndirectInputEvents = YES;
				INFOPLIST_KEY_UILaunchStoryboardName = LaunchScreen;
				INFOPLIST_KEY_UIMainStoryboardFile = Main;
				INFOPLIST_KEY_UISupportedInterfaceOrientations_iPad = "UIInterfaceOrientationPortrait UIInterfaceOrientationPortraitUpsideDown UIInterfaceOrientationLandscapeLeft UIInterfaceOrientationLandscapeRight";
				INFOPLIST_KEY_UISupportedInterfaceOrientations_iPhone = "UIInterfaceOrientationPortrait UIInterfaceOrientationLandscapeLeft UIInterfaceOrientationLandscapeRight";
				LD_RUNPATH_SEARCH_PATHS = (
					"$(inherited)",
					"@executable_path/Frameworks",
				);
				MARKETING_VERSION = 1.0;
				PRODUCT_BUNDLE_IDENTIFIER = com.juliencotte.IAmRich;
				PRODUCT_NAME = "$(TARGET_NAME)";
				SWIFT_EMIT_LOC_STRINGS = YES;
				SWIFT_VERSION = 5.0;
				TARGETED_DEVICE_FAMILY = "1,2";
			};
			name = Release;
		};
		68FB32262C873F3C00DDD6F8 /* Debug */ = {
			isa = XCBuildConfiguration;
			buildSettings = {
				ALWAYS_EMBED_SWIFT_STANDARD_LIBRARIES = YES;
				BUNDLE_LOADER = "$(TEST_HOST)";
				CODE_SIGN_STYLE = Automatic;
				CURRENT_PROJECT_VERSION = 1;
				GENERATE_INFOPLIST_FILE = YES;
				IPHONEOS_DEPLOYMENT_TARGET = 17.5;
				MARKETING_VERSION = 1.0;
				PRODUCT_BUNDLE_IDENTIFIER = com.juliencotte.IAmRichTests;
				PRODUCT_NAME = "$(TARGET_NAME)";
				SWIFT_EMIT_LOC_STRINGS = NO;
				SWIFT_VERSION = 5.0;
				TARGETED_DEVICE_FAMILY = "1,2";
				TEST_HOST = "$(BUILT_PRODUCTS_DIR)/IAmRich.app/$(BUNDLE_EXECUTABLE_FOLDER_PATH)/IAmRich";
			};
			name = Debug;
		};
		68FB32272C873F3C00DDD6F8 /* Release */ = {
			isa = XCBuildConfiguration;
			buildSettings = {
				ALWAYS_EMBED_SWIFT_STANDARD_LIBRARIES = YES;
				BUNDLE_LOADER = "$(TEST_HOST)";
				CODE_SIGN_STYLE = Automatic;
				CURRENT_PROJECT_VERSION = 1;
				GENERATE_INFOPLIST_FILE = YES;
				IPHONEOS_DEPLOYMENT_TARGET = 17.5;
				MARKETING_VERSION = 1.0;
				PRODUCT_BUNDLE_IDENTIFIER = com.juliencotte.IAmRichTests;
				PRODUCT_NAME = "$(TARGET_NAME)";
				SWIFT_EMIT_LOC_STRINGS = NO;
				SWIFT_VERSION = 5.0;
				TARGETED_DEVICE_FAMILY = "1,2";
				TEST_HOST = "$(BUILT_PRODUCTS_DIR)/IAmRich.app/$(BUNDLE_EXECUTABLE_FOLDER_PATH)/IAmRich";
			};
			name = Release;
		};
		68FB32292C873F3C00DDD6F8 /* Debug */ = {
			isa = XCBuildConfiguration;
			buildSettings = {
				ALWAYS_EMBED_SWIFT_STANDARD_LIBRARIES = YES;
				CODE_SIGN_STYLE = Automatic;
				CURRENT_PROJECT_VERSION = 1;
				GENERATE_INFOPLIST_FILE = YES;
				MARKETING_VERSION = 1.0;
				PRODUCT_BUNDLE_IDENTIFIER = com.juliencotte.IAmRichUITests;
				PRODUCT_NAME = "$(TARGET_NAME)";
				SWIFT_EMIT_LOC_STRINGS = NO;
				SWIFT_VERSION = 5.0;
				TARGETED_DEVICE_FAMILY = "1,2";
				TEST_TARGET_NAME = IAmRich;
			};
			name = Debug;
		};
		68FB322A2C873F3C00DDD6F8 /* Release */ = {
			isa = XCBuildConfiguration;
			buildSettings = {
				ALWAYS_EMBED_SWIFT_STANDARD_LIBRARIES = YES;
				CODE_SIGN_STYLE = Automatic;
				CURRENT_PROJECT_VERSION = 1;
				GENERATE_INFOPLIST_FILE = YES;
				MARKETING_VERSION = 1.0;
				PRODUCT_BUNDLE_IDENTIFIER = com.juliencotte.IAmRichUITests;
				PRODUCT_NAME = "$(TARGET_NAME)";
				SWIFT_EMIT_LOC_STRINGS = NO;
				SWIFT_VERSION = 5.0;
				TARGETED_DEVICE_FAMILY = "1,2";
				TEST_TARGET_NAME = IAmRich;
			};
			name = Release;
		};
/* End XCBuildConfiguration section */

/* Begin XCConfigurationList section */
		68FB31F32C873F3A00DDD6F8 /* Build configuration list for PBXProject "IAmRich" */ = {
			isa = XCConfigurationList;
			buildConfigurations = (
				68FB32202C873F3C00DDD6F8 /* Debug */,
				68FB32212C873F3C00DDD6F8 /* Release */,
			);
			defaultConfigurationIsVisible = 0;
			defaultConfigurationName = Release;
		};
		68FB32222C873F3C00DDD6F8 /* Build configuration list for PBXNativeTarget "IAmRich" */ = {
			isa = XCConfigurationList;
			buildConfigurations = (
				68FB32232C873F3C00DDD6F8 /* Debug */,
				68FB32242C873F3C00DDD6F8 /* Release */,
			);
			defaultConfigurationIsVisible = 0;
			defaultConfigurationName = Release;
		};
		68FB32252C873F3C00DDD6F8 /* Build configuration list for PBXNativeTarget "IAmRichTests" */ = {
			isa = XCConfigurationList;
			buildConfigurations = (
				68FB32262C873F3C00DDD6F8 /* Debug */,
				68FB32272C873F3C00DDD6F8 /* Release */,
			);
			defaultConfigurationIsVisible = 0;
			defaultConfigurationName = Release;
		};
		68FB32282C873F3C00DDD6F8 /* Build configuration list for PBXNativeTarget "IAmRichUITests" */ = {
			isa = XCConfigurationList;
			buildConfigurations = (
				68FB32292C873F3C00DDD6F8 /* Debug */,
				68FB322A2C873F3C00DDD6F8 /* Release */,
			);
			defaultConfigurationIsVisible = 0;
			defaultConfigurationName = Release;
		};
/* End XCConfigurationList section */
	};
	rootObject = 68FB31F02C873F3A00DDD6F8 /* Project object */;
}
